
Microsoft Visual Studio Solution File, Format Version 12.00
# Visual Studio Version 16
VisualStudioVersion = 16.0.29215.179
MinimumVisualStudioVersion = 10.0.40219.1
Project("{FAE04EC0-301F-11D3-BF4B-00C04F79EFBC}") = "BS23TEST", "BS23TEST\BS23TEST.csproj", "{53F38E3E-6CB0-4A97-B2D8-A8B6C447F912}"
EndProject
Global
	GlobalSection(SolutionConfigurationPlatforms) = preSolution
		Debug|Any CPU = Debug|Any CPU
		Release|Any CPU = Release|Any CPU
	EndGlobalSection
	GlobalSection(ProjectConfigurationPlatforms) = postSolution
		{53F38E3E-6CB0-4A97-B2D8-A8B6C447F912}.Debug|Any CPU.ActiveCfg = Debug|Any CPU
		{53F38E3E-6CB0-4A97-B2D8-A8B6C447F912}.Debug|Any CPU.Build.0 = Debug|Any CPU
		{53F38E3E-6CB0-4A97-B2D8-A8B6C447F912}.Release|Any CPU.ActiveCfg = Release|Any CPU
		{53F38E3E-6CB0-4A97-B2D8-A8B6C447F912}.Release|Any CPU.Build.0 = Release|Any CPU
	EndGlobalSection
	GlobalSection(SolutionProperties) = preSolution
		HideSolutionNode = FALSE
	EndGlobalSection
	GlobalSection(ExtensibilityGlobals) = postSolution
		SolutionGuid = {7CC921E9-5795-4FBD-A3F9-E0CA46969418}
	EndGlobalSection
EndGlobal
